{
  "name": "smoke-repo",
  "version": "1.0.0",
  "lockfileVersion": 3,
  "requires": true,
  "packages": {
    "": {
      "name": "smoke-repo",
      "version": "1.0.0",
      "workspaces": [
        "packages/*"
      ]
    },
    "../vendored-fixture": {
      "version": "1.0.0"
    },
    "node_modules/@smoke-repo/syntax-repository": {
      "resolved": "packages/syntax-repository",
      "link": true
    },
    "node_modules/vendored-fixture": {
      "resolved": "../vendored-fixture",
      "link": true
    },
    "packages/syntax-repository": {
      "name": "@smoke-repo/syntax-repository",
      "version": "1.0.0",
      "dependencies": {
        "vendored-fixture": "file:../../../vendored-fixture"
      }
    }
  }
}
